
Microsoft Visual Studio Solution File, Format Version 12.00
# Visual Studio Version 16
VisualStudioVersion = 16.0.30621.155
MinimumVisualStudioVersion = 10.0.40219.1
Project("{9A19103F-16F7-4668-BE54-9A1E7A4F7556}") = "Ejercicio1", "Ejercicio1\Ejercicio1.csproj", "{1AC52322-0A01-47B5-A0A0-6B7140EEB387}"
EndProject
Project("{9A19103F-16F7-4668-BE54-9A1E7A4F7556}") = "Ejercicio2", "Ejercicio2\Ejercicio2.csproj", "{94EE68B5-47B5-4D99-914F-4C60B34AB9EC}"
EndProject
Project("{9A19103F-16F7-4668-BE54-9A1E7A4F7556}") = "Ejercicio3", "Ejercicio3\Ejercicio3.csproj", "{72E16972-2F31-4C34-B9F7-7A3098451B20}"
EndProject
Project("{9A19103F-16F7-4668-BE54-9A1E7A4F7556}") = "Ejercicio4", "Ejercicio4\Ejercicio4.csproj", "{7FC9C283-D374-4103-9FCA-693EC0BF086E}"
EndProject
Project("{9A19103F-16F7-4668-BE54-9A1E7A4F7556}") = "Ejercicio5", "Ejercicio5\Ejercicio5.csproj", "{763D5DEB-CC3A-4FCB-AF0E-806E17AA5C05}"
EndProject
Project("{9A19103F-16F7-4668-BE54-9A1E7A4F7556}") = "Ejercicio6", "Ejercicio6\Ejercicio6.csproj", "{E8A7A6B3-F52D-4DFD-88BA-9440B9671AC0}"
EndProject
Project("{9A19103F-16F7-4668-BE54-9A1E7A4F7556}") = "Ejercicio7", "Ejercicio 7\Ejercicio7.csproj", "{69885429-C65A-44C7-8277-7AC579909E68}"
EndProject
Project("{9A19103F-16F7-4668-BE54-9A1E7A4F7556}") = "Ejercicio8", "Ejercicio8\Ejercicio8.csproj", "{A5ED0ABF-6CED-49B8-BB75-3AC8D1443E4D}"
EndProject
Project("{9A19103F-16F7-4668-BE54-9A1E7A4F7556}") = "Ejercicio9", "Ejercicio9\Ejercicio9.csproj", "{B457E3BA-D0DA-4C0B-80C3-4475E9499F54}"
EndProject
Project("{9A19103F-16F7-4668-BE54-9A1E7A4F7556}") = "Ejercicio10", "Ejercicio10\Ejercicio10.csproj", "{84044FDD-4A28-4C0D-89F4-08B6421AEA5B}"
EndProject
Project("{9A19103F-16F7-4668-BE54-9A1E7A4F7556}") = "Ejercicio11", "Ejercicio11\Ejercicio11.csproj", "{7EB50F36-B95F-4B3A-A829-EDE3C73C4D4C}"
EndProject
Project("{FAE04EC0-301F-11D3-BF4B-00C04F79EFBC}") = "Ejercicio4a", "Ejercicio4a\Ejercicio4a.csproj", "{40A1833C-621C-4A67-9822-E1A7B246D17D}"
EndProject
Project("{FAE04EC0-301F-11D3-BF4B-00C04F79EFBC}") = "Ejercicio4b", "Ejercicio4b\Ejercicio4b.csproj", "{5390A91D-927C-4FF0-B8BE-C5D991AAF14C}"
EndProject
Project("{FAE04EC0-301F-11D3-BF4B-00C04F79EFBC}") = "Ejercicio4c", "Ejercicio4c\Ejercicio4c.csproj", "{E8CF8373-5B37-4260-9C1A-B7ADC7FA8336}"
EndProject
Project("{FAE04EC0-301F-11D3-BF4B-00C04F79EFBC}") = "Ejercicio4d", "Ejercicio4d\Ejercicio4d.csproj", "{AE3E91A1-F61F-4106-8422-1A505AE90049}"
EndProject
Global
	GlobalSection(SolutionConfigurationPlatforms) = preSolution
		Debug|Any CPU = Debug|Any CPU
		Release|Any CPU = Release|Any CPU
	EndGlobalSection
	GlobalSection(ProjectConfigurationPlatforms) = postSolution
		{1AC52322-0A01-47B5-A0A0-6B7140EEB387}.Debug|Any CPU.ActiveCfg = Debug|Any CPU
		{1AC52322-0A01-47B5-A0A0-6B7140EEB387}.Debug|Any CPU.Build.0 = Debug|Any CPU
		{1AC52322-0A01-47B5-A0A0-6B7140EEB387}.Release|Any CPU.ActiveCfg = Release|Any CPU
		{1AC52322-0A01-47B5-A0A0-6B7140EEB387}.Release|Any CPU.Build.0 = Release|Any CPU
		{94EE68B5-47B5-4D99-914F-4C60B34AB9EC}.Debug|Any CPU.ActiveCfg = Debug|Any CPU
		{94EE68B5-47B5-4D99-914F-4C60B34AB9EC}.Debug|Any CPU.Build.0 = Debug|Any CPU
		{94EE68B5-47B5-4D99-914F-4C60B34AB9EC}.Release|Any CPU.ActiveCfg = Release|Any CPU
		{94EE68B5-47B5-4D99-914F-4C60B34AB9EC}.Release|Any CPU.Build.0 = Release|Any CPU
		{72E16972-2F31-4C34-B9F7-7A3098451B20}.Debug|Any CPU.ActiveCfg = Debug|Any CPU
		{72E16972-2F31-4C34-B9F7-7A3098451B20}.Debug|Any CPU.Build.0 = Debug|Any CPU
		{72E16972-2F31-4C34-B9F7-7A3098451B20}.Release|Any CPU.ActiveCfg = Release|Any CPU
		{72E16972-2F31-4C34-B9F7-7A3098451B20}.Release|Any CPU.Build.0 = Release|Any CPU
		{7FC9C283-D374-4103-9FCA-693EC0BF086E}.Debug|Any CPU.ActiveCfg = Debug|Any CPU
		{7FC9C283-D374-4103-9FCA-693EC0BF086E}.Debug|Any CPU.Build.0 = Debug|Any CPU
		{7FC9C283-D374-4103-9FCA-693EC0BF086E}.Release|Any CPU.ActiveCfg = Release|Any CPU
		{7FC9C283-D374-4103-9FCA-693EC0BF086E}.Release|Any CPU.Build.0 = Release|Any CPU
		{763D5DEB-CC3A-4FCB-AF0E-806E17AA5C05}.Debug|Any CPU.ActiveCfg = Debug|Any CPU
		{763D5DEB-CC3A-4FCB-AF0E-806E17AA5C05}.Debug|Any CPU.Build.0 = Debug|Any CPU
		{763D5DEB-CC3A-4FCB-AF0E-806E17AA5C05}.Release|Any CPU.ActiveCfg = Release|Any CPU
		{763D5DEB-CC3A-4FCB-AF0E-806E17AA5C05}.Release|Any CPU.Build.0 = Release|Any CPU
		{E8A7A6B3-F52D-4DFD-88BA-9440B9671AC0}.Debug|Any CPU.ActiveCfg = Debug|Any CPU
		{E8A7A6B3-F52D-4DFD-88BA-9440B9671AC0}.Debug|Any CPU.Build.0 = Debug|Any CPU
		{E8A7A6B3-F52D-4DFD-88BA-9440B9671AC0}.Release|Any CPU.ActiveCfg = Release|Any CPU
		{E8A7A6B3-F52D-4DFD-88BA-9440B9671AC0}.Release|Any CPU.Build.0 = Release|Any CPU
		{69885429-C65A-44C7-8277-7AC579909E68}.Debug|Any CPU.ActiveCfg = Debug|Any CPU
		{69885429-C65A-44C7-8277-7AC579909E68}.Debug|Any CPU.Build.0 = Debug|Any CPU
		{69885429-C65A-44C7-8277-7AC579909E68}.Release|Any CPU.ActiveCfg = Release|Any CPU
		{69885429-C65A-44C7-8277-7AC579909E68}.Release|Any CPU.Build.0 = Release|Any CPU
		{A5ED0ABF-6CED-49B8-BB75-3AC8D1443E4D}.Debug|Any CPU.ActiveCfg = Debug|Any CPU
		{A5ED0ABF-6CED-49B8-BB75-3AC8D1443E4D}.Debug|Any CPU.Build.0 = Debug|Any CPU
		{A5ED0ABF-6CED-49B8-BB75-3AC8D1443E4D}.Release|Any CPU.ActiveCfg = Release|Any CPU
		{A5ED0ABF-6CED-49B8-BB75-3AC8D1443E4D}.Release|Any CPU.Build.0 = Release|Any CPU
		{B457E3BA-D0DA-4C0B-80C3-4475E9499F54}.Debug|Any CPU.ActiveCfg = Debug|Any CPU
		{B457E3BA-D0DA-4C0B-80C3-4475E9499F54}.Debug|Any CPU.Build.0 = Debug|Any CPU
		{B457E3BA-D0DA-4C0B-80C3-4475E9499F54}.Release|Any CPU.ActiveCfg = Release|Any CPU
		{B457E3BA-D0DA-4C0B-80C3-4475E9499F54}.Release|Any CPU.Build.0 = Release|Any CPU
		{84044FDD-4A28-4C0D-89F4-08B6421AEA5B}.Debug|Any CPU.ActiveCfg = Debug|Any CPU
		{84044FDD-4A28-4C0D-89F4-08B6421AEA5B}.Debug|Any CPU.Build.0 = Debug|Any CPU
		{84044FDD-4A28-4C0D-89F4-08B6421AEA5B}.Release|Any CPU.ActiveCfg = Release|Any CPU
		{84044FDD-4A28-4C0D-89F4-08B6421AEA5B}.Release|Any CPU.Build.0 = Release|Any CPU
		{7EB50F36-B95F-4B3A-A829-EDE3C73C4D4C}.Debug|Any CPU.ActiveCfg = Debug|Any CPU
		{7EB50F36-B95F-4B3A-A829-EDE3C73C4D4C}.Debug|Any CPU.Build.0 = Debug|Any CPU
		{7EB50F36-B95F-4B3A-A829-EDE3C73C4D4C}.Release|Any CPU.ActiveCfg = Release|Any CPU
		{7EB50F36-B95F-4B3A-A829-EDE3C73C4D4C}.Release|Any CPU.Build.0 = Release|Any CPU
		{40A1833C-621C-4A67-9822-E1A7B246D17D}.Debug|Any CPU.ActiveCfg = Debug|Any CPU
		{40A1833C-621C-4A67-9822-E1A7B246D17D}.Debug|Any CPU.Build.0 = Debug|Any CPU
		{40A1833C-621C-4A67-9822-E1A7B246D17D}.Release|Any CPU.ActiveCfg = Release|Any CPU
		{40A1833C-621C-4A67-9822-E1A7B246D17D}.Release|Any CPU.Build.0 = Release|Any CPU
		{5390A91D-927C-4FF0-B8BE-C5D991AAF14C}.Debug|Any CPU.ActiveCfg = Debug|Any CPU
		{5390A91D-927C-4FF0-B8BE-C5D991AAF14C}.Debug|Any CPU.Build.0 = Debug|Any CPU
		{5390A91D-927C-4FF0-B8BE-C5D991AAF14C}.Release|Any CPU.ActiveCfg = Release|Any CPU
		{5390A91D-927C-4FF0-B8BE-C5D991AAF14C}.Release|Any CPU.Build.0 = Release|Any CPU
		{E8CF8373-5B37-4260-9C1A-B7ADC7FA8336}.Debug|Any CPU.ActiveCfg = Debug|Any CPU
		{E8CF8373-5B37-4260-9C1A-B7ADC7FA8336}.Debug|Any CPU.Build.0 = Debug|Any CPU
		{E8CF8373-5B37-4260-9C1A-B7ADC7FA8336}.Release|Any CPU.ActiveCfg = Release|Any CPU
		{E8CF8373-5B37-4260-9C1A-B7ADC7FA8336}.Release|Any CPU.Build.0 = Release|Any CPU
		{AE3E91A1-F61F-4106-8422-1A505AE90049}.Debug|Any CPU.ActiveCfg = Debug|Any CPU
		{AE3E91A1-F61F-4106-8422-1A505AE90049}.Debug|Any CPU.Build.0 = Debug|Any CPU
		{AE3E91A1-F61F-4106-8422-1A505AE90049}.Release|Any CPU.ActiveCfg = Release|Any CPU
		{AE3E91A1-F61F-4106-8422-1A505AE90049}.Release|Any CPU.Build.0 = Release|Any CPU
	EndGlobalSection
	GlobalSection(SolutionProperties) = preSolution
		HideSolutionNode = FALSE
	EndGlobalSection
	GlobalSection(ExtensibilityGlobals) = postSolution
		SolutionGuid = {A530C3BC-C786-4E4E-B333-0A320F6895D8}
	EndGlobalSection
EndGlobal
